
Microsoft Visual Studio Solution File, Format Version 12.00
# Visual Studio 14
VisualStudioVersion = 14.0.23107.0
MinimumVisualStudioVersion = 10.0.40219.1
Project("{FAE04EC0-301F-11D3-BF4B-00C04F79EFBC}") = "SimpleCRM", "SimpleCRM\SimpleCRM.csproj", "{7D893F79-5BDC-41FB-A909-6F6D7ECED616}"
EndProject
Project("{FAE04EC0-301F-11D3-BF4B-00C04F79EFBC}") = "AdventureWorks.Business", "AdventureWorks.Business\AdventureWorks.Business.csproj", "{2E198E93-BF36-4759-8D3F-72602B52C662}"
EndProject
Global
	GlobalSection(SolutionConfigurationPlatforms) = preSolution
		Debug|Any CPU = Debug|Any CPU
		Release|Any CPU = Release|Any CPU
	EndGlobalSection
	GlobalSection(ProjectConfigurationPlatforms) = postSolution
		{7D893F79-5BDC-41FB-A909-6F6D7ECED616}.Debug|Any CPU.ActiveCfg = Debug|Any CPU
		{7D893F79-5BDC-41FB-A909-6F6D7ECED616}.Debug|Any CPU.Build.0 = Debug|Any CPU
		{7D893F79-5BDC-41FB-A909-6F6D7ECED616}.Release|Any CPU.ActiveCfg = Release|Any CPU
		{7D893F79-5BDC-41FB-A909-6F6D7ECED616}.Release|Any CPU.Build.0 = Release|Any CPU
		{2E198E93-BF36-4759-8D3F-72602B52C662}.Debug|Any CPU.ActiveCfg = Debug|Any CPU
		{2E198E93-BF36-4759-8D3F-72602B52C662}.Debug|Any CPU.Build.0 = Debug|Any CPU
		{2E198E93-BF36-4759-8D3F-72602B52C662}.Release|Any CPU.ActiveCfg = Release|Any CPU
		{2E198E93-BF36-4759-8D3F-72602B52C662}.Release|Any CPU.Build.0 = Release|Any CPU
	EndGlobalSection
	GlobalSection(SolutionProperties) = preSolution
		HideSolutionNode = FALSE
	EndGlobalSection
EndGlobal
